
Microsoft Visual Studio Solution File, Format Version 12.00
# Visual Studio 15
Project("{FAE04EC0-301F-11D3-BF4B-00C04F79EFBC}") = "Assembly-CSharp", "Assembly-CSharp.csproj", "{D37A297B-18A1-388F-C81B-E507D0D2FFA6}"
EndProject
Project("{FAE04EC0-301F-11D3-BF4B-00C04F79EFBC}") = "Assembly-CSharp-Editor", "Assembly-CSharp-Editor.csproj", "{2F1710A9-B892-7120-4A8A-72E56F9070E1}"
EndProject
Global
	GlobalSection(SolutionConfigurationPlatforms) = preSolution
		Debug|Any CPU = Debug|Any CPU
		Release|Any CPU = Release|Any CPU
	EndGlobalSection
	GlobalSection(ProjectConfigurationPlatforms) = postSolution
		{D37A297B-18A1-388F-C81B-E507D0D2FFA6}.Debug|Any CPU.ActiveCfg = Debug|Any CPU
		{D37A297B-18A1-388F-C81B-E507D0D2FFA6}.Debug|Any CPU.Build.0 = Debug|Any CPU
		{D37A297B-18A1-388F-C81B-E507D0D2FFA6}.Release|Any CPU.ActiveCfg = Release|Any CPU
		{D37A297B-18A1-388F-C81B-E507D0D2FFA6}.Release|Any CPU.Build.0 = Release|Any CPU
		{2F1710A9-B892-7120-4A8A-72E56F9070E1}.Debug|Any CPU.ActiveCfg = Debug|Any CPU
		{2F1710A9-B892-7120-4A8A-72E56F9070E1}.Debug|Any CPU.Build.0 = Debug|Any CPU
		{2F1710A9-B892-7120-4A8A-72E56F9070E1}.Release|Any CPU.ActiveCfg = Release|Any CPU
		{2F1710A9-B892-7120-4A8A-72E56F9070E1}.Release|Any CPU.Build.0 = Release|Any CPU
	EndGlobalSection
	GlobalSection(SolutionProperties) = preSolution
		HideSolutionNode = FALSE
	EndGlobalSection
EndGlobal
